// !$*UTF8*$!
{
	archiveVersion = 1;
	classes = {
	};
	objectVersion = 46;
	objects = {

/* Begin PBXBuildFile section */
		AA271BCD16D0620300DBF4BE /* CliUtils.m in Sources */ = {isa = PBXBuildFile; fileRef = AA271BCC16D0620300DBF4BE /* CliUtils.m */; };
		AA33396216F56A17003C2454 /* MinMaxPair.m in Sources */ = {isa = PBXBuildFile; fileRef = AA33396116F56A17003C2454 /* MinMaxPair.m */; };
		AA33396416F5851C003C2454 /* MinMaxPairSpec.mm in Sources */ = {isa = PBXBuildFile; fileRef = AA33396316F5851C003C2454 /* MinMaxPairSpec.mm */; settings = {COMPILER_FLAGS = "-fno-objc-arc"; }; };
		AA33396516F5863F003C2454 /* MinMaxPair.m in Sources */ = {isa = PBXBuildFile; fileRef = AA33396116F56A17003C2454 /* MinMaxPair.m */; };
		AA33396816F5917D003C2454 /* NSArray+Functional.m in Sources */ = {isa = PBXBuildFile; fileRef = AA33396716F5917C003C2454 /* NSArray+Functional.m */; };
		AA33396916F5917D003C2454 /* NSArray+Functional.m in Sources */ = {isa = PBXBuildFile; fileRef = AA33396716F5917C003C2454 /* NSArray+Functional.m */; };
		AA35666B16ECFE6E00CED8D2 /* SettingSpec.mm in Sources */ = {isa = PBXBuildFile; fileRef = AA35666A16ECFE6E00CED8D2 /* SettingSpec.mm */; settings = {COMPILER_FLAGS = "-fno-objc-arc"; }; };
		AA3E231216D0109100297797 /* UIKit.framework in Frameworks */ = {isa = PBXBuildFile; fileRef = AAE9054516C619CE00CD025E /* UIKit.framework */; };
		AA3E231316D0109100297797 /* Foundation.framework in Frameworks */ = {isa = PBXBuildFile; fileRef = AAE9054716C619CE00CD025E /* Foundation.framework */; };
		AA3E231416D0109100297797 /* CoreGraphics.framework in Frameworks */ = {isa = PBXBuildFile; fileRef = AAE9054916C619CE00CD025E /* CoreGraphics.framework */; };
		AA3E231A16D0109100297797 /* InfoPlist.strings in Resources */ = {isa = PBXBuildFile; fileRef = AA3E231816D0109100297797 /* InfoPlist.strings */; };
		AA3E231C16D0109100297797 /* main.m in Sources */ = {isa = PBXBuildFile; fileRef = AA3E231B16D0109100297797 /* main.m */; };
		AA3E231F16D0109200297797 /* Cedar-iOS.framework in Frameworks */ = {isa = PBXBuildFile; fileRef = AA3E231E16D0109200297797 /* Cedar-iOS.framework */; };
		AA436C4B1707FF7100446250 /* icon-retina.png in Resources */ = {isa = PBXBuildFile; fileRef = AA436C491707FF7100446250 /* icon-retina.png */; };
		AA436C541708034C00446250 /* Default-568h@2x.png in Resources */ = {isa = PBXBuildFile; fileRef = AAE9055B16C619CE00CD025E /* Default-568h@2x.png */; };
		AA59804616C8CC5800EE71A4 /* ConstrainedSettingsDataSource.m in Sources */ = {isa = PBXBuildFile; fileRef = AA59804516C8CC5800EE71A4 /* ConstrainedSettingsDataSource.m */; };
		AA648B6D16D1784D00441DBE /* CliUtilsSpec.mm in Sources */ = {isa = PBXBuildFile; fileRef = AA648B6C16D1784D00441DBE /* CliUtilsSpec.mm */; settings = {COMPILER_FLAGS = "-fno-objc-arc"; }; };
		AA648B6E16D1792200441DBE /* CliUtils.m in Sources */ = {isa = PBXBuildFile; fileRef = AA271BCC16D0620300DBF4BE /* CliUtils.m */; };
		AA648B7016D1842B00441DBE /* Calculator.m in Sources */ = {isa = PBXBuildFile; fileRef = AAE9058816C61AFD00CD025E /* Calculator.m */; };
		AA66910A16D0618D009A4E3B /* Foundation.framework in Frameworks */ = {isa = PBXBuildFile; fileRef = AAE9054716C619CE00CD025E /* Foundation.framework */; };
		AA66910D16D0618D009A4E3B /* main.m in Sources */ = {isa = PBXBuildFile; fileRef = AA66910C16D0618D009A4E3B /* main.m */; };
		AA68813716EBBDC600B4897F /* StubChosenSettingsModelDelegate.m in Sources */ = {isa = PBXBuildFile; fileRef = AA68813616EBBDC600B4897F /* StubChosenSettingsModelDelegate.m */; };
		AA68814D16EC21D800B4897F /* Setting.m in Sources */ = {isa = PBXBuildFile; fileRef = AA68814C16EC21D800B4897F /* Setting.m */; };
		AA68814E16EC224E00B4897F /* Setting.m in Sources */ = {isa = PBXBuildFile; fileRef = AA68814C16EC21D800B4897F /* Setting.m */; };
		AA8F9CFF16F6594100FBB78B /* ViewControllerSpec.mm in Sources */ = {isa = PBXBuildFile; fileRef = AA8F9CFE16F6594100FBB78B /* ViewControllerSpec.mm */; settings = {COMPILER_FLAGS = "-fno-objc-arc"; }; };
		AA8F9D0316F65EF800FBB78B /* JRSwizzle.m in Sources */ = {isa = PBXBuildFile; fileRef = AA8F9D0216F65EF800FBB78B /* JRSwizzle.m */; };
		AA98CA2116C8792F00C13E14 /* SupportedSettings.m in Sources */ = {isa = PBXBuildFile; fileRef = AA98CA2016C8792E00C13E14 /* SupportedSettings.m */; };
		AA98CA2A16C8851B00C13E14 /* ArrayDataSource.m in Sources */ = {isa = PBXBuildFile; fileRef = AA98CA2916C8851B00C13E14 /* ArrayDataSource.m */; };
		AA9915B416D9CC3100346457 /* ChosenSettingsModel.m in Sources */ = {isa = PBXBuildFile; fileRef = AA9915B316D9CC3100346457 /* ChosenSettingsModel.m */; };
		AA9915B516D9CC3100346457 /* ChosenSettingsModel.m in Sources */ = {isa = PBXBuildFile; fileRef = AA9915B316D9CC3100346457 /* ChosenSettingsModel.m */; };
		AA9915B816D9E70100346457 /* ChosenSettingsModelSpec.mm in Sources */ = {isa = PBXBuildFile; fileRef = AA9915B716D9E70100346457 /* ChosenSettingsModelSpec.mm */; settings = {COMPILER_FLAGS = "-fno-objc-arc"; }; };
		AAB6C81119D79A5300843F3A /* ConfigTableViewCell.m in Sources */ = {isa = PBXBuildFile; fileRef = AAB6C81019D79A5300843F3A /* ConfigTableViewCell.m */; };
		AAE9054616C619CE00CD025E /* UIKit.framework in Frameworks */ = {isa = PBXBuildFile; fileRef = AAE9054516C619CE00CD025E /* UIKit.framework */; };
		AAE9054816C619CE00CD025E /* Foundation.framework in Frameworks */ = {isa = PBXBuildFile; fileRef = AAE9054716C619CE00CD025E /* Foundation.framework */; };
		AAE9054A16C619CE00CD025E /* CoreGraphics.framework in Frameworks */ = {isa = PBXBuildFile; fileRef = AAE9054916C619CE00CD025E /* CoreGraphics.framework */; };
		AAE9055016C619CE00CD025E /* InfoPlist.strings in Resources */ = {isa = PBXBuildFile; fileRef = AAE9054E16C619CE00CD025E /* InfoPlist.strings */; };
		AAE9055216C619CE00CD025E /* main.m in Sources */ = {isa = PBXBuildFile; fileRef = AAE9055116C619CE00CD025E /* main.m */; };
		AAE9055616C619CE00CD025E /* AppDelegate.m in Sources */ = {isa = PBXBuildFile; fileRef = AAE9055516C619CE00CD025E /* AppDelegate.m */; };
		AAE9055A16C619CE00CD025E /* Default@2x.png in Resources */ = {isa = PBXBuildFile; fileRef = AAE9055916C619CE00CD025E /* Default@2x.png */; };
		AAE9055F16C619CE00CD025E /* MainStoryboard.storyboard in Resources */ = {isa = PBXBuildFile; fileRef = AAE9055D16C619CE00CD025E /* MainStoryboard.storyboard */; };
		AAE9056216C619CE00CD025E /* MainViewController.m in Sources */ = {isa = PBXBuildFile; fileRef = AAE9056116C619CE00CD025E /* MainViewController.m */; };
		AAE9058916C61AFD00CD025E /* Calculator.m in Sources */ = {isa = PBXBuildFile; fileRef = AAE9058816C61AFD00CD025E /* Calculator.m */; };
		AAEC21AE16F4FABB000BA5EE /* SupportedSettingsSpec.mm in Sources */ = {isa = PBXBuildFile; fileRef = AAEC21AD16F4FABB000BA5EE /* SupportedSettingsSpec.mm */; settings = {COMPILER_FLAGS = "-fno-objc-arc"; }; };
		AAEC21C216F52FC3000BA5EE /* ConfigViewController.m in Sources */ = {isa = PBXBuildFile; fileRef = AAEC21C116F52FC3000BA5EE /* ConfigViewController.m */; };
		AAFDF95216D013FB00A4DCDC /* MainViewController.m in Sources */ = {isa = PBXBuildFile; fileRef = AAE9056116C619CE00CD025E /* MainViewController.m */; };
		AAFDF95416D0142200A4DCDC /* Calculator.m in Sources */ = {isa = PBXBuildFile; fileRef = AAE9058816C61AFD00CD025E /* Calculator.m */; };
		AAFDF95516D0142200A4DCDC /* SupportedSettings.m in Sources */ = {isa = PBXBuildFile; fileRef = AA98CA2016C8792E00C13E14 /* SupportedSettings.m */; };
		AAFDF95616D0142200A4DCDC /* ArrayDataSource.m in Sources */ = {isa = PBXBuildFile; fileRef = AA98CA2916C8851B00C13E14 /* ArrayDataSource.m */; };
		AAFDF95716D0142200A4DCDC /* ConstrainedSettingsDataSource.m in Sources */ = {isa = PBXBuildFile; fileRef = AA59804516C8CC5800EE71A4 /* ConstrainedSettingsDataSource.m */; };
		AAFDF96416D01B4600A4DCDC /* FakeProperties.mm in Sources */ = {isa = PBXBuildFile; fileRef = AAFDF96316D01B4600A4DCDC /* FakeProperties.mm */; };
		AAFDF96616D02F6C00A4DCDC /* FakePropertiesSpec.mm in Sources */ = {isa = PBXBuildFile; fileRef = AAFDF96516D02F6C00A4DCDC /* FakePropertiesSpec.mm */; settings = {COMPILER_FLAGS = "-fno-objc-arc"; }; };
		AAFDF96916D0412C00A4DCDC /* CalculatorSpec.mm in Sources */ = {isa = PBXBuildFile; fileRef = AAFDF96816D0412C00A4DCDC /* CalculatorSpec.mm */; settings = {COMPILER_FLAGS = "-fno-objc-arc"; }; };
		AAFDF96A16D0456700A4DCDC /* NSScanner+Throwing.m in Sources */ = {isa = PBXBuildFile; fileRef = AA1662AF16C6C55400CD606F /* NSScanner+Throwing.m */; };
		AAFDF96C16D0494E00A4DCDC /* ConstrainedSettingsDataSourceSpec.mm in Sources */ = {isa = PBXBuildFile; fileRef = AAFDF96B16D0494E00A4DCDC /* ConstrainedSettingsDataSourceSpec.mm */; settings = {COMPILER_FLAGS = "-fno-objc-arc"; }; };
/* End PBXBuildFile section */

/* Begin PBXCopyFilesBuildPhase section */
		AA66910616D0618D009A4E3B /* CopyFiles */ = {
			isa = PBXCopyFilesBuildPhase;
			buildActionMask = 2147483647;
			dstPath = /usr/share/man/man1/;
			dstSubfolderSpec = 0;
			files = (
			);
			runOnlyForDeploymentPostprocessing = 1;
		};
/* End PBXCopyFilesBuildPhase section */

/* Begin PBXFileReference section */
		AA140B1416FEA71B008B2D45 /* components.h */ = {isa = PBXFileReference; fileEncoding = 4; lastKnownFileType = sourcecode.c.h; path = components.h; sourceTree = "<group>"; };
		AA1662AE16C6C55400CD606F /* NSScanner+Throwing.h */ = {isa = PBXFileReference; fileEncoding = 4; lastKnownFileType = sourcecode.c.h; name = "NSScanner+Throwing.h"; path = "../ExposureCalculatorTests/NSScanner+Throwing.h"; sourceTree = "<group>"; };
		AA1662AF16C6C55400CD606F /* NSScanner+Throwing.m */ = {isa = PBXFileReference; fileEncoding = 4; lastKnownFileType = sourcecode.c.objc; name = "NSScanner+Throwing.m"; path = "../ExposureCalculatorTests/NSScanner+Throwing.m"; sourceTree = "<group>"; };
		AA271BCB16D0620300DBF4BE /* CliUtils.h */ = {isa = PBXFileReference; fileEncoding = 4; lastKnownFileType = sourcecode.c.h; path = CliUtils.h; sourceTree = "<group>"; };
		AA271BCC16D0620300DBF4BE /* CliUtils.m */ = {isa = PBXFileReference; fileEncoding = 4; lastKnownFileType = sourcecode.c.objc; path = CliUtils.m; sourceTree = "<group>"; };
		AA33396016F56A17003C2454 /* MinMaxPair.h */ = {isa = PBXFileReference; fileEncoding = 4; lastKnownFileType = sourcecode.c.h; path = MinMaxPair.h; sourceTree = "<group>"; };
		AA33396116F56A17003C2454 /* MinMaxPair.m */ = {isa = PBXFileReference; fileEncoding = 4; lastKnownFileType = sourcecode.c.objc; path = MinMaxPair.m; sourceTree = "<group>"; };
		AA33396316F5851C003C2454 /* MinMaxPairSpec.mm */ = {isa = PBXFileReference; fileEncoding = 4; lastKnownFileType = sourcecode.cpp.objcpp; path = MinMaxPairSpec.mm; sourceTree = "<group>"; };
		AA33396616F5917C003C2454 /* NSArray+Functional.h */ = {isa = PBXFileReference; fileEncoding = 4; lastKnownFileType = sourcecode.c.h; path = "NSArray+Functional.h"; sourceTree = "<group>"; };
		AA33396716F5917C003C2454 /* NSArray+Functional.m */ = {isa = PBXFileReference; fileEncoding = 4; lastKnownFileType = sourcecode.c.objc; path = "NSArray+Functional.m"; sourceTree = "<group>"; };
		AA35666A16ECFE6E00CED8D2 /* SettingSpec.mm */ = {isa = PBXFileReference; fileEncoding = 4; lastKnownFileType = sourcecode.cpp.objcpp; path = SettingSpec.mm; sourceTree = "<group>"; };
		AA3E231016D0109100297797 /* Exposure Calculator Specs.app */ = {isa = PBXFileReference; explicitFileType = wrapper.application; includeInIndex = 0; path = "Exposure Calculator Specs.app"; sourceTree = BUILT_PRODUCTS_DIR; };
		AA3E231716D0109100297797 /* Exposure Calculator Specs-Info.plist */ = {isa = PBXFileReference; lastKnownFileType = text.plist.xml; path = "Exposure Calculator Specs-Info.plist"; sourceTree = "<group>"; };
		AA3E231916D0109100297797 /* en */ = {isa = PBXFileReference; lastKnownFileType = text.plist.strings; name = en; path = en.lproj/InfoPlist.strings; sourceTree = "<group>"; };
		AA3E231B16D0109100297797 /* main.m */ = {isa = PBXFileReference; lastKnownFileType = sourcecode.c.objc; path = main.m; sourceTree = "<group>"; };
		AA3E231D16D0109100297797 /* Exposure Calculator Specs-Prefix.pch */ = {isa = PBXFileReference; lastKnownFileType = sourcecode.c.h; path = "Exposure Calculator Specs-Prefix.pch"; sourceTree = "<group>"; };
		AA3E231E16D0109200297797 /* Cedar-iOS.framework */ = {isa = PBXFileReference; lastKnownFileType = wrapper.framework; name = "Cedar-iOS.framework"; path = "Frameworks/Cedar-iOS.framework"; sourceTree = "<group>"; };
		AA436C491707FF7100446250 /* icon-retina.png */ = {isa = PBXFileReference; lastKnownFileType = image.png; path = "icon-retina.png"; sourceTree = "<group>"; };
		AA59804416C8CC5800EE71A4 /* ConstrainedSettingsDataSource.h */ = {isa = PBXFileReference; fileEncoding = 4; lastKnownFileType = sourcecode.c.h; path = ConstrainedSettingsDataSource.h; sourceTree = "<group>"; };
		AA59804516C8CC5800EE71A4 /* ConstrainedSettingsDataSource.m */ = {isa = PBXFileReference; fileEncoding = 4; lastKnownFileType = sourcecode.c.objc; path = ConstrainedSettingsDataSource.m; sourceTree = "<group>"; };
		AA648B6C16D1784D00441DBE /* CliUtilsSpec.mm */ = {isa = PBXFileReference; fileEncoding = 4; lastKnownFileType = sourcecode.cpp.objcpp; path = CliUtilsSpec.mm; sourceTree = "<group>"; };
		AA648B6F16D17A3100441DBE /* cedar.h */ = {isa = PBXFileReference; lastKnownFileType = sourcecode.c.h; path = cedar.h; sourceTree = "<group>"; };
		AA66910816D0618D009A4E3B /* exposure */ = {isa = PBXFileReference; explicitFileType = "compiled.mach-o.executable"; includeInIndex = 0; path = exposure; sourceTree = BUILT_PRODUCTS_DIR; };
		AA66910C16D0618D009A4E3B /* main.m */ = {isa = PBXFileReference; lastKnownFileType = sourcecode.c.objc; path = main.m; sourceTree = "<group>"; };
		AA66910F16D0618D009A4E3B /* exposure-Prefix.pch */ = {isa = PBXFileReference; lastKnownFileType = sourcecode.c.h; path = "exposure-Prefix.pch"; sourceTree = "<group>"; };
		AA68813516EBBDC600B4897F /* StubChosenSettingsModelDelegate.h */ = {isa = PBXFileReference; fileEncoding = 4; lastKnownFileType = sourcecode.c.h; path = StubChosenSettingsModelDelegate.h; sourceTree = "<group>"; };
		AA68813616EBBDC600B4897F /* StubChosenSettingsModelDelegate.m */ = {isa = PBXFileReference; fileEncoding = 4; lastKnownFileType = sourcecode.c.objc; path = StubChosenSettingsModelDelegate.m; sourceTree = "<group>"; };
		AA68814C16EC21D800B4897F /* Setting.m */ = {isa = PBXFileReference; fileEncoding = 4; lastKnownFileType = sourcecode.c.objc; path = Setting.m; sourceTree = "<group>"; };
		AA8F9CFE16F6594100FBB78B /* ViewControllerSpec.mm */ = {isa = PBXFileReference; fileEncoding = 4; lastKnownFileType = sourcecode.cpp.objcpp; path = ViewControllerSpec.mm; sourceTree = "<group>"; };
		AA8F9D0116F65EF800FBB78B /* JRSwizzle.h */ = {isa = PBXFileReference; fileEncoding = 4; lastKnownFileType = sourcecode.c.h; name = JRSwizzle.h; path = submodules/jrswizzle/JRSwizzle.h; sourceTree = SOURCE_ROOT; };
		AA8F9D0216F65EF800FBB78B /* JRSwizzle.m */ = {isa = PBXFileReference; fileEncoding = 4; lastKnownFileType = sourcecode.c.objc; name = JRSwizzle.m; path = submodules/jrswizzle/JRSwizzle.m; sourceTree = SOURCE_ROOT; };
		AA98CA1F16C8792E00C13E14 /* SupportedSettings.h */ = {isa = PBXFileReference; fileEncoding = 4; lastKnownFileType = sourcecode.c.h; path = SupportedSettings.h; sourceTree = "<group>"; };
		AA98CA2016C8792E00C13E14 /* SupportedSettings.m */ = {isa = PBXFileReference; fileEncoding = 4; lastKnownFileType = sourcecode.c.objc; path = SupportedSettings.m; sourceTree = "<group>"; };
		AA98CA2816C8851B00C13E14 /* ArrayDataSource.h */ = {isa = PBXFileReference; fileEncoding = 4; lastKnownFileType = sourcecode.c.h; path = ArrayDataSource.h; sourceTree = "<group>"; };
		AA98CA2916C8851B00C13E14 /* ArrayDataSource.m */ = {isa = PBXFileReference; fileEncoding = 4; lastKnownFileType = sourcecode.c.objc; path = ArrayDataSource.m; sourceTree = "<group>"; };
		AA9915B216D9CC3100346457 /* ChosenSettingsModel.h */ = {isa = PBXFileReference; fileEncoding = 4; lastKnownFileType = sourcecode.c.h; path = ChosenSettingsModel.h; sourceTree = "<group>"; };
		AA9915B316D9CC3100346457 /* ChosenSettingsModel.m */ = {isa = PBXFileReference; fileEncoding = 4; lastKnownFileType = sourcecode.c.objc; path = ChosenSettingsModel.m; sourceTree = "<group>"; };
		AA9915B716D9E70100346457 /* ChosenSettingsModelSpec.mm */ = {isa = PBXFileReference; fileEncoding = 4; lastKnownFileType = sourcecode.cpp.objcpp; path = ChosenSettingsModelSpec.mm; sourceTree = "<group>"; };
		AA9A79EE16F6356000FA91E9 /* ConfigViewControllerDelegate.h */ = {isa = PBXFileReference; fileEncoding = 4; lastKnownFileType = sourcecode.c.h; path = ConfigViewControllerDelegate.h; sourceTree = "<group>"; };
		AAA6991616DA75EA003F0E0C /* Setting.h */ = {isa = PBXFileReference; fileEncoding = 4; lastKnownFileType = sourcecode.c.h; path = Setting.h; sourceTree = "<group>"; };
		AAB6C80F19D79A5300843F3A /* ConfigTableViewCell.h */ = {isa = PBXFileReference; fileEncoding = 4; lastKnownFileType = sourcecode.c.h; path = ConfigTableViewCell.h; sourceTree = "<group>"; };
		AAB6C81019D79A5300843F3A /* ConfigTableViewCell.m */ = {isa = PBXFileReference; fileEncoding = 4; lastKnownFileType = sourcecode.c.objc; path = ConfigTableViewCell.m; sourceTree = "<group>"; };
		AAE9054116C619CE00CD025E /* ExposureCalculator.app */ = {isa = PBXFileReference; explicitFileType = wrapper.application; includeInIndex = 0; path = ExposureCalculator.app; sourceTree = BUILT_PRODUCTS_DIR; };
		AAE9054516C619CE00CD025E /* UIKit.framework */ = {isa = PBXFileReference; lastKnownFileType = wrapper.framework; name = UIKit.framework; path = System/Library/Frameworks/UIKit.framework; sourceTree = SDKROOT; };
		AAE9054716C619CE00CD025E /* Foundation.framework */ = {isa = PBXFileReference; lastKnownFileType = wrapper.framework; name = Foundation.framework; path = System/Library/Frameworks/Foundation.framework; sourceTree = SDKROOT; };
		AAE9054916C619CE00CD025E /* CoreGraphics.framework */ = {isa = PBXFileReference; lastKnownFileType = wrapper.framework; name = CoreGraphics.framework; path = System/Library/Frameworks/CoreGraphics.framework; sourceTree = SDKROOT; };
		AAE9054D16C619CE00CD025E /* ExposureCalculator-Info.plist */ = {isa = PBXFileReference; lastKnownFileType = text.plist.xml; path = "ExposureCalculator-Info.plist"; sourceTree = "<group>"; };
		AAE9054F16C619CE00CD025E /* en */ = {isa = PBXFileReference; lastKnownFileType = text.plist.strings; name = en; path = en.lproj/InfoPlist.strings; sourceTree = "<group>"; };
		AAE9055116C619CE00CD025E /* main.m */ = {isa = PBXFileReference; lastKnownFileType = sourcecode.c.objc; path = main.m; sourceTree = "<group>"; };
		AAE9055316C619CE00CD025E /* ExposureCalculator-Prefix.pch */ = {isa = PBXFileReference; lastKnownFileType = sourcecode.c.h; path = "ExposureCalculator-Prefix.pch"; sourceTree = "<group>"; };
		AAE9055416C619CE00CD025E /* AppDelegate.h */ = {isa = PBXFileReference; lastKnownFileType = sourcecode.c.h; path = AppDelegate.h; sourceTree = "<group>"; };
		AAE9055516C619CE00CD025E /* AppDelegate.m */ = {isa = PBXFileReference; lastKnownFileType = sourcecode.c.objc; path = AppDelegate.m; sourceTree = "<group>"; };
		AAE9055916C619CE00CD025E /* Default@2x.png */ = {isa = PBXFileReference; lastKnownFileType = image.png; path = "Default@2x.png"; sourceTree = "<group>"; };
		AAE9055B16C619CE00CD025E /* Default-568h@2x.png */ = {isa = PBXFileReference; lastKnownFileType = image.png; path = "Default-568h@2x.png"; sourceTree = "<group>"; };
		AAE9055E16C619CE00CD025E /* en */ = {isa = PBXFileReference; lastKnownFileType = file.storyboard; name = en; path = en.lproj/MainStoryboard.storyboard; sourceTree = "<group>"; };
		AAE9056016C619CE00CD025E /* MainViewController.h */ = {isa = PBXFileReference; lastKnownFileType = sourcecode.c.h; path = MainViewController.h; sourceTree = "<group>"; };
		AAE9056116C619CE00CD025E /* MainViewController.m */ = {isa = PBXFileReference; lastKnownFileType = sourcecode.c.objc; path = MainViewController.m; sourceTree = "<group>"; };
		AAE9056916C619CE00CD025E /* SenTestingKit.framework */ = {isa = PBXFileReference; lastKnownFileType = wrapper.framework; name = SenTestingKit.framework; path = Library/Frameworks/SenTestingKit.framework; sourceTree = DEVELOPER_DIR; };
		AAE9058716C61AFD00CD025E /* Calculator.h */ = {isa = PBXFileReference; fileEncoding = 4; lastKnownFileType = sourcecode.c.h; path = Calculator.h; sourceTree = "<group>"; };
		AAE9058816C61AFD00CD025E /* Calculator.m */ = {isa = PBXFileReference; fileEncoding = 4; lastKnownFileType = sourcecode.c.objc; path = Calculator.m; sourceTree = "<group>"; };
		AAEC21AD16F4FABB000BA5EE /* SupportedSettingsSpec.mm */ = {isa = PBXFileReference; fileEncoding = 4; lastKnownFileType = sourcecode.cpp.objcpp; path = SupportedSettingsSpec.mm; sourceTree = "<group>"; };
		AAEC21C016F52FC3000BA5EE /* ConfigViewController.h */ = {isa = PBXFileReference; fileEncoding = 4; lastKnownFileType = sourcecode.c.h; path = ConfigViewController.h; sourceTree = "<group>"; };
		AAEC21C116F52FC3000BA5EE /* ConfigViewController.m */ = {isa = PBXFileReference; fileEncoding = 4; lastKnownFileType = sourcecode.c.objc; path = ConfigViewController.m; sourceTree = "<group>"; };
		AAFDF96216D01B4600A4DCDC /* FakeProperties.h */ = {isa = PBXFileReference; fileEncoding = 4; lastKnownFileType = sourcecode.c.h; path = FakeProperties.h; sourceTree = "<group>"; };
		AAFDF96316D01B4600A4DCDC /* FakeProperties.mm */ = {isa = PBXFileReference; fileEncoding = 4; lastKnownFileType = sourcecode.cpp.objcpp; path = FakeProperties.mm; sourceTree = "<group>"; };
		AAFDF96516D02F6C00A4DCDC /* FakePropertiesSpec.mm */ = {isa = PBXFileReference; fileEncoding = 4; lastKnownFileType = sourcecode.cpp.objcpp; path = FakePropertiesSpec.mm; sourceTree = "<group>"; };
		AAFDF96816D0412C00A4DCDC /* CalculatorSpec.mm */ = {isa = PBXFileReference; fileEncoding = 4; lastKnownFileType = sourcecode.cpp.objcpp; path = CalculatorSpec.mm; sourceTree = "<group>"; };
		AAFDF96B16D0494E00A4DCDC /* ConstrainedSettingsDataSourceSpec.mm */ = {isa = PBXFileReference; fileEncoding = 4; lastKnownFileType = sourcecode.cpp.objcpp; path = ConstrainedSettingsDataSourceSpec.mm; sourceTree = "<group>"; };
/* End PBXFileReference section */

/* Begin PBXFrameworksBuildPhase section */
		AA3E230D16D0109100297797 /* Frameworks */ = {
			isa = PBXFrameworksBuildPhase;
			buildActionMask = 2147483647;
			files = (
				AA3E231216D0109100297797 /* UIKit.framework in Frameworks */,
				AA3E231316D0109100297797 /* Foundation.framework in Frameworks */,
				AA3E231416D0109100297797 /* CoreGraphics.framework in Frameworks */,
				AA3E231F16D0109200297797 /* Cedar-iOS.framework in Frameworks */,
			);
			runOnlyForDeploymentPostprocessing = 0;
		};
		AA66910516D0618D009A4E3B /* Frameworks */ = {
			isa = PBXFrameworksBuildPhase;
			buildActionMask = 2147483647;
			files = (
				AA66910A16D0618D009A4E3B /* Foundation.framework in Frameworks */,
			);
			runOnlyForDeploymentPostprocessing = 0;
		};
		AAE9053E16C619CE00CD025E /* Frameworks */ = {
			isa = PBXFrameworksBuildPhase;
			buildActionMask = 2147483647;
			files = (
				AAE9054616C619CE00CD025E /* UIKit.framework in Frameworks */,
				AAE9054816C619CE00CD025E /* Foundation.framework in Frameworks */,
				AAE9054A16C619CE00CD025E /* CoreGraphics.framework in Frameworks */,
			);
			runOnlyForDeploymentPostprocessing = 0;
		};
/* End PBXFrameworksBuildPhase section */

/* Begin PBXGroup section */
		AA3E231516D0109100297797 /* Exposure Calculator Specs */ = {
			isa = PBXGroup;
			children = (
				AA3E231E16D0109200297797 /* Cedar-iOS.framework */,
				AA3E231616D0109100297797 /* Supporting Files */,
				AAFDF96716D040EF00A4DCDC /* Spec helpers */,
				AAFDF96516D02F6C00A4DCDC /* FakePropertiesSpec.mm */,
				AAFDF96816D0412C00A4DCDC /* CalculatorSpec.mm */,
				AAFDF96B16D0494E00A4DCDC /* ConstrainedSettingsDataSourceSpec.mm */,
				AA648B6C16D1784D00441DBE /* CliUtilsSpec.mm */,
				AA648B6F16D17A3100441DBE /* cedar.h */,
				AA9915B716D9E70100346457 /* ChosenSettingsModelSpec.mm */,
				AA35666A16ECFE6E00CED8D2 /* SettingSpec.mm */,
				AAEC21AD16F4FABB000BA5EE /* SupportedSettingsSpec.mm */,
				AA33396316F5851C003C2454 /* MinMaxPairSpec.mm */,
				AA8F9CFE16F6594100FBB78B /* ViewControllerSpec.mm */,
			);
			path = "Exposure Calculator Specs";
			sourceTree = "<group>";
		};
		AA3E231616D0109100297797 /* Supporting Files */ = {
			isa = PBXGroup;
			children = (
				AA3E231716D0109100297797 /* Exposure Calculator Specs-Info.plist */,
				AA3E231816D0109100297797 /* InfoPlist.strings */,
				AA3E231B16D0109100297797 /* main.m */,
				AA3E231D16D0109100297797 /* Exposure Calculator Specs-Prefix.pch */,
			);
			name = "Supporting Files";
			sourceTree = "<group>";
		};
		AA66910B16D0618D009A4E3B /* exposure */ = {
			isa = PBXGroup;
			children = (
				AA271BCB16D0620300DBF4BE /* CliUtils.h */,
				AA271BCC16D0620300DBF4BE /* CliUtils.m */,
				AA66910C16D0618D009A4E3B /* main.m */,
				AA66910E16D0618D009A4E3B /* Supporting Files */,
			);
			path = exposure;
			sourceTree = "<group>";
		};
		AA66910E16D0618D009A4E3B /* Supporting Files */ = {
			isa = PBXGroup;
			children = (
				AA66910F16D0618D009A4E3B /* exposure-Prefix.pch */,
			);
			name = "Supporting Files";
			sourceTree = "<group>";
		};
		AA9A79ED16F6353800FA91E9 /* Configuration */ = {
			isa = PBXGroup;
			children = (
				AAEC21C016F52FC3000BA5EE /* ConfigViewController.h */,
				AAEC21C116F52FC3000BA5EE /* ConfigViewController.m */,
				AA33396016F56A17003C2454 /* MinMaxPair.h */,
				AA33396116F56A17003C2454 /* MinMaxPair.m */,
				AA98CA1F16C8792E00C13E14 /* SupportedSettings.h */,
				AA98CA2016C8792E00C13E14 /* SupportedSettings.m */,
				AA9A79EE16F6356000FA91E9 /* ConfigViewControllerDelegate.h */,
				AAB6C80F19D79A5300843F3A /* ConfigTableViewCell.h */,
				AAB6C81019D79A5300843F3A /* ConfigTableViewCell.m */,
			);
			name = Configuration;
			sourceTree = "<group>";
		};
		AAE9053616C619CE00CD025E = {
			isa = PBXGroup;
			children = (
				AAE9054B16C619CE00CD025E /* ExposureCalculator */,
				AA66910B16D0618D009A4E3B /* exposure */,
				AA3E231516D0109100297797 /* Exposure Calculator Specs */,
				AAE9054416C619CE00CD025E /* Frameworks */,
				AAE9054216C619CE00CD025E /* Products */,
			);
			sourceTree = "<group>";
		};
		AAE9054216C619CE00CD025E /* Products */ = {
			isa = PBXGroup;
			children = (
				AAE9054116C619CE00CD025E /* ExposureCalculator.app */,
				AA3E231016D0109100297797 /* Exposure Calculator Specs.app */,
				AA66910816D0618D009A4E3B /* exposure */,
			);
			name = Products;
			sourceTree = "<group>";
		};
		AAE9054416C619CE00CD025E /* Frameworks */ = {
			isa = PBXGroup;
			children = (
				AAE9054516C619CE00CD025E /* UIKit.framework */,
				AAE9054716C619CE00CD025E /* Foundation.framework */,
				AAE9054916C619CE00CD025E /* CoreGraphics.framework */,
				AAE9056916C619CE00CD025E /* SenTestingKit.framework */,
			);
			name = Frameworks;
			sourceTree = "<group>";
		};
		AAE9054B16C619CE00CD025E /* ExposureCalculator */ = {
			isa = PBXGroup;
			children = (
				AA9A79ED16F6353800FA91E9 /* Configuration */,
				AAE9055416C619CE00CD025E /* AppDelegate.h */,
				AAE9055516C619CE00CD025E /* AppDelegate.m */,
				AA140B1416FEA71B008B2D45 /* components.h */,
				AAE9055D16C619CE00CD025E /* MainStoryboard.storyboard */,
				AAE9056016C619CE00CD025E /* MainViewController.h */,
				AAE9056116C619CE00CD025E /* MainViewController.m */,
				AAE9054C16C619CE00CD025E /* Supporting Files */,
				AAE9058716C61AFD00CD025E /* Calculator.h */,
				AAE9058816C61AFD00CD025E /* Calculator.m */,
				AA98CA2816C8851B00C13E14 /* ArrayDataSource.h */,
				AA98CA2916C8851B00C13E14 /* ArrayDataSource.m */,
				AA59804416C8CC5800EE71A4 /* ConstrainedSettingsDataSource.h */,
				AA59804516C8CC5800EE71A4 /* ConstrainedSettingsDataSource.m */,
				AA9915B216D9CC3100346457 /* ChosenSettingsModel.h */,
				AA9915B316D9CC3100346457 /* ChosenSettingsModel.m */,
				AAA6991616DA75EA003F0E0C /* Setting.h */,
				AA68814C16EC21D800B4897F /* Setting.m */,
				AA33396616F5917C003C2454 /* NSArray+Functional.h */,
				AA33396716F5917C003C2454 /* NSArray+Functional.m */,
			);
			path = ExposureCalculator;
			sourceTree = "<group>";
		};
		AAE9054C16C619CE00CD025E /* Supporting Files */ = {
			isa = PBXGroup;
			children = (
				AA436C491707FF7100446250 /* icon-retina.png */,
				AAE9054D16C619CE00CD025E /* ExposureCalculator-Info.plist */,
				AAE9054E16C619CE00CD025E /* InfoPlist.strings */,
				AAE9055116C619CE00CD025E /* main.m */,
				AAE9055316C619CE00CD025E /* ExposureCalculator-Prefix.pch */,
				AAE9055916C619CE00CD025E /* Default@2x.png */,
				AAE9055B16C619CE00CD025E /* Default-568h@2x.png */,
			);
			name = "Supporting Files";
			sourceTree = "<group>";
		};
		AAFDF96716D040EF00A4DCDC /* Spec helpers */ = {
			isa = PBXGroup;
			children = (
				AA8F9D0116F65EF800FBB78B /* JRSwizzle.h */,
				AA8F9D0216F65EF800FBB78B /* JRSwizzle.m */,
				AAFDF96216D01B4600A4DCDC /* FakeProperties.h */,
				AAFDF96316D01B4600A4DCDC /* FakeProperties.mm */,
				AA1662AE16C6C55400CD606F /* NSScanner+Throwing.h */,
				AA1662AF16C6C55400CD606F /* NSScanner+Throwing.m */,
				AA68813516EBBDC600B4897F /* StubChosenSettingsModelDelegate.h */,
				AA68813616EBBDC600B4897F /* StubChosenSettingsModelDelegate.m */,
			);
			name = "Spec helpers";
			sourceTree = "<group>";
		};
/* End PBXGroup section */

/* Begin PBXNativeTarget section */
		AA3E230F16D0109100297797 /* Exposure Calculator Specs */ = {
			isa = PBXNativeTarget;
			buildConfigurationList = AA3E232416D0109200297797 /* Build configuration list for PBXNativeTarget "Exposure Calculator Specs" */;
			buildPhases = (
				AA3E230C16D0109100297797 /* Sources */,
				AA3E230D16D0109100297797 /* Frameworks */,
				AA3E230E16D0109100297797 /* Resources */,
			);
			buildRules = (
			);
			dependencies = (
			);
			name = "Exposure Calculator Specs";
			productName = "Exposure Calculator Specs";
			productReference = AA3E231016D0109100297797 /* Exposure Calculator Specs.app */;
			productType = "com.apple.product-type.application";
		};
		AA66910716D0618D009A4E3B /* exposure */ = {
			isa = PBXNativeTarget;
			buildConfigurationList = AA66911416D0618D009A4E3B /* Build configuration list for PBXNativeTarget "exposure" */;
			buildPhases = (
				AA66910416D0618D009A4E3B /* Sources */,
				AA66910516D0618D009A4E3B /* Frameworks */,
				AA66910616D0618D009A4E3B /* CopyFiles */,
			);
			buildRules = (
			);
			dependencies = (
			);
			name = exposure;
			productName = exposure;
			productReference = AA66910816D0618D009A4E3B /* exposure */;
			productType = "com.apple.product-type.tool";
		};
		AAE9054016C619CE00CD025E /* ExposureCalculator */ = {
			isa = PBXNativeTarget;
			buildConfigurationList = AAE9057A16C619CE00CD025E /* Build configuration list for PBXNativeTarget "ExposureCalculator" */;
			buildPhases = (
				AAE9053D16C619CE00CD025E /* Sources */,
				AAE9053E16C619CE00CD025E /* Frameworks */,
				AAE9053F16C619CE00CD025E /* Resources */,
			);
			buildRules = (
			);
			dependencies = (
			);
			name = ExposureCalculator;
			productName = ExposureCalculator;
			productReference = AAE9054116C619CE00CD025E /* ExposureCalculator.app */;
			productType = "com.apple.product-type.application";
		};
/* End PBXNativeTarget section */

/* Begin PBXProject section */
		AAE9053816C619CE00CD025E /* Project object */ = {
			isa = PBXProject;
			attributes = {
				LastUpgradeCheck = 0930;
				ORGANIZATIONNAME = "Steve Gravrock";
				TargetAttributes = {
					AAE9054016C619CE00CD025E = {
						DevelopmentTeam = FYS52FL8VF;
					};
				};
			};
			buildConfigurationList = AAE9053B16C619CE00CD025E /* Build configuration list for PBXProject "ExposureCalculator" */;
			compatibilityVersion = "Xcode 3.2";
			developmentRegion = English;
			hasScannedForEncodings = 0;
			knownRegions = (
				English,
				en,
			);
			mainGroup = AAE9053616C619CE00CD025E;
			productRefGroup = AAE9054216C619CE00CD025E /* Products */;
			projectDirPath = "";
			projectRoot = "";
			targets = (
				AAE9054016C619CE00CD025E /* ExposureCalculator */,
				AA3E230F16D0109100297797 /* Exposure Calculator Specs */,
				AA66910716D0618D009A4E3B /* exposure */,
			);
		};
/* End PBXProject section */

/* Begin PBXResourcesBuildPhase section */
		AA3E230E16D0109100297797 /* Resources */ = {
			isa = PBXResourcesBuildPhase;
			buildActionMask = 2147483647;
			files = (
				AA3E231A16D0109100297797 /* InfoPlist.strings in Resources */,
			);
			runOnlyForDeploymentPostprocessing = 0;
		};
		AAE9053F16C619CE00CD025E /* Resources */ = {
			isa = PBXResourcesBuildPhase;
			buildActionMask = 2147483647;
			files = (
				AAE9055016C619CE00CD025E /* InfoPlist.strings in Resources */,
				AAE9055A16C619CE00CD025E /* Default@2x.png in Resources */,
				AAE9055F16C619CE00CD025E /* MainStoryboard.storyboard in Resources */,
				AA436C4B1707FF7100446250 /* icon-retina.png in Resources */,
				AA436C541708034C00446250 /* Default-568h@2x.png in Resources */,
			);
			runOnlyForDeploymentPostprocessing = 0;
		};
/* End PBXResourcesBuildPhase section */

/* Begin PBXSourcesBuildPhase section */
		AA3E230C16D0109100297797 /* Sources */ = {
			isa = PBXSourcesBuildPhase;
			buildActionMask = 2147483647;
			files = (
				AAFDF95416D0142200A4DCDC /* Calculator.m in Sources */,
				AAFDF95516D0142200A4DCDC /* SupportedSettings.m in Sources */,
				AAFDF95616D0142200A4DCDC /* ArrayDataSource.m in Sources */,
				AAFDF95716D0142200A4DCDC /* ConstrainedSettingsDataSource.m in Sources */,
				AA3E231C16D0109100297797 /* main.m in Sources */,
				AAFDF95216D013FB00A4DCDC /* MainViewController.m in Sources */,
				AAFDF96416D01B4600A4DCDC /* FakeProperties.mm in Sources */,
				AAFDF96616D02F6C00A4DCDC /* FakePropertiesSpec.mm in Sources */,
				AAFDF96916D0412C00A4DCDC /* CalculatorSpec.mm in Sources */,
				AAFDF96A16D0456700A4DCDC /* NSScanner+Throwing.m in Sources */,
				AAFDF96C16D0494E00A4DCDC /* ConstrainedSettingsDataSourceSpec.mm in Sources */,
				AA648B6D16D1784D00441DBE /* CliUtilsSpec.mm in Sources */,
				AA648B6E16D1792200441DBE /* CliUtils.m in Sources */,
				AA9915B516D9CC3100346457 /* ChosenSettingsModel.m in Sources */,
				AA9915B816D9E70100346457 /* ChosenSettingsModelSpec.mm in Sources */,
				AA68813716EBBDC600B4897F /* StubChosenSettingsModelDelegate.m in Sources */,
				AA68814E16EC224E00B4897F /* Setting.m in Sources */,
				AA35666B16ECFE6E00CED8D2 /* SettingSpec.mm in Sources */,
				AAEC21AE16F4FABB000BA5EE /* SupportedSettingsSpec.mm in Sources */,
				AA33396416F5851C003C2454 /* MinMaxPairSpec.mm in Sources */,
				AA33396516F5863F003C2454 /* MinMaxPair.m in Sources */,
				AA33396916F5917D003C2454 /* NSArray+Functional.m in Sources */,
				AA8F9CFF16F6594100FBB78B /* ViewControllerSpec.mm in Sources */,
				AA8F9D0316F65EF800FBB78B /* JRSwizzle.m in Sources */,
			);
			runOnlyForDeploymentPostprocessing = 0;
		};
		AA66910416D0618D009A4E3B /* Sources */ = {
			isa = PBXSourcesBuildPhase;
			buildActionMask = 2147483647;
			files = (
				AA66910D16D0618D009A4E3B /* main.m in Sources */,
				AA271BCD16D0620300DBF4BE /* CliUtils.m in Sources */,
				AA648B7016D1842B00441DBE /* Calculator.m in Sources */,
			);
			runOnlyForDeploymentPostprocessing = 0;
		};
		AAE9053D16C619CE00CD025E /* Sources */ = {
			isa = PBXSourcesBuildPhase;
			buildActionMask = 2147483647;
			files = (
				AAE9055216C619CE00CD025E /* main.m in Sources */,
				AAE9055616C619CE00CD025E /* AppDelegate.m in Sources */,
				AAE9056216C619CE00CD025E /* MainViewController.m in Sources */,
				AAB6C81119D79A5300843F3A /* ConfigTableViewCell.m in Sources */,
				AAE9058916C61AFD00CD025E /* Calculator.m in Sources */,
				AA98CA2116C8792F00C13E14 /* SupportedSettings.m in Sources */,
				AA98CA2A16C8851B00C13E14 /* ArrayDataSource.m in Sources */,
				AA59804616C8CC5800EE71A4 /* ConstrainedSettingsDataSource.m in Sources */,
				AA9915B416D9CC3100346457 /* ChosenSettingsModel.m in Sources */,
				AA68814D16EC21D800B4897F /* Setting.m in Sources */,
				AAEC21C216F52FC3000BA5EE /* ConfigViewController.m in Sources */,
				AA33396216F56A17003C2454 /* MinMaxPair.m in Sources */,
				AA33396816F5917D003C2454 /* NSArray+Functional.m in Sources */,
			);
			runOnlyForDeploymentPostprocessing = 0;
		};
/* End PBXSourcesBuildPhase section */

/* Begin PBXVariantGroup section */
		AA3E231816D0109100297797 /* InfoPlist.strings */ = {
			isa = PBXVariantGroup;
			children = (
				AA3E231916D0109100297797 /* en */,
			);
			name = InfoPlist.strings;
			sourceTree = "<group>";
		};
		AAE9054E16C619CE00CD025E /* InfoPlist.strings */ = {
			isa = PBXVariantGroup;
			children = (
				AAE9054F16C619CE00CD025E /* en */,
			);
			name = InfoPlist.strings;
			sourceTree = "<group>";
		};
		AAE9055D16C619CE00CD025E /* MainStoryboard.storyboard */ = {
			isa = PBXVariantGroup;
			children = (
				AAE9055E16C619CE00CD025E /* en */,
			);
			name = MainStoryboard.storyboard;
			sourceTree = "<group>";
		};
/* End PBXVariantGroup section */

/* Begin XCBuildConfiguration section */
		AA3E232216D0109200297797 /* Debug */ = {
			isa = XCBuildConfiguration;
			buildSettings = {
				"CODE_SIGN_IDENTITY[sdk=iphoneos*]" = "iPhone Developer";
				FRAMEWORK_SEARCH_PATHS = (
					"$(inherited)",
					"\"$(SRCROOT)/Exposure Calculator Specs/Frameworks\"",
				);
				GCC_PRECOMPILE_PREFIX_HEADER = YES;
				GCC_PREFIX_HEADER = "Exposure Calculator Specs/Exposure Calculator Specs-Prefix.pch";
				GCC_TREAT_WARNINGS_AS_ERRORS = YES;
				INFOPLIST_FILE = "Exposure Calculator Specs/Exposure Calculator Specs-Info.plist";
				OTHER_LDFLAGS = (
					"-ObjC",
					"-all_load",
					"-lstdc++",
				);
				PRODUCT_BUNDLE_IDENTIFIER = "Steve-Gravrock.${PRODUCT_NAME:rfc1034identifier}";
				PRODUCT_NAME = "$(TARGET_NAME)";
				WRAPPER_EXTENSION = app;
			};
			name = Debug;
		};
		AA3E232316D0109200297797 /* Release */ = {
			isa = XCBuildConfiguration;
			buildSettings = {
				"CODE_SIGN_IDENTITY[sdk=iphoneos*]" = "iPhone Developer";
				FRAMEWORK_SEARCH_PATHS = (
					"$(inherited)",
					"\"$(SRCROOT)/Exposure Calculator Specs/Frameworks\"",
				);
				GCC_PRECOMPILE_PREFIX_HEADER = YES;
				GCC_PREFIX_HEADER = "Exposure Calculator Specs/Exposure Calculator Specs-Prefix.pch";
				GCC_TREAT_WARNINGS_AS_ERRORS = YES;
				INFOPLIST_FILE = "Exposure Calculator Specs/Exposure Calculator Specs-Info.plist";
				OTHER_CFLAGS = "-DNS_BLOCK_ASSERTIONS=1";
				OTHER_LDFLAGS = (
					"-ObjC",
					"-all_load",
					"-lstdc++",
				);
				PRODUCT_BUNDLE_IDENTIFIER = "Steve-Gravrock.${PRODUCT_NAME:rfc1034identifier}";
				PRODUCT_NAME = "$(TARGET_NAME)";
				WRAPPER_EXTENSION = app;
			};
			name = Release;
		};
		AA66911216D0618D009A4E3B /* Debug */ = {
			isa = XCBuildConfiguration;
			buildSettings = {
				GCC_ENABLE_OBJC_EXCEPTIONS = YES;
				GCC_PRECOMPILE_PREFIX_HEADER = YES;
				GCC_PREFIX_HEADER = "exposure/exposure-Prefix.pch";
				GCC_WARN_64_TO_32_BIT_CONVERSION = YES;
				MACOSX_DEPLOYMENT_TARGET = 10.8;
				PRODUCT_NAME = "$(TARGET_NAME)";
				SDKROOT = macosx;
			};
			name = Debug;
		};
		AA66911316D0618D009A4E3B /* Release */ = {
			isa = XCBuildConfiguration;
			buildSettings = {
				DEBUG_INFORMATION_FORMAT = "dwarf-with-dsym";
				GCC_ENABLE_OBJC_EXCEPTIONS = YES;
				GCC_PRECOMPILE_PREFIX_HEADER = YES;
				GCC_PREFIX_HEADER = "exposure/exposure-Prefix.pch";
				GCC_WARN_64_TO_32_BIT_CONVERSION = YES;
				MACOSX_DEPLOYMENT_TARGET = 10.8;
				PRODUCT_NAME = "$(TARGET_NAME)";
				SDKROOT = macosx;
			};
			name = Release;
		};
		AAE9057816C619CE00CD025E /* Debug */ = {
			isa = XCBuildConfiguration;
			buildSettings = {
				ALWAYS_SEARCH_USER_PATHS = NO;
				CLANG_CXX_LANGUAGE_STANDARD = "gnu++0x";
				CLANG_CXX_LIBRARY = "libc++";
				CLANG_ENABLE_OBJC_ARC = YES;
				CLANG_WARN_BLOCK_CAPTURE_AUTORELEASING = YES;
				CLANG_WARN_BOOL_CONVERSION = YES;
				CLANG_WARN_COMMA = YES;
				CLANG_WARN_CONSTANT_CONVERSION = YES;
				CLANG_WARN_DEPRECATED_OBJC_IMPLEMENTATIONS = YES;
				CLANG_WARN_EMPTY_BODY = YES;
				CLANG_WARN_ENUM_CONVERSION = YES;
				CLANG_WARN_INFINITE_RECURSION = YES;
				CLANG_WARN_INT_CONVERSION = YES;
				CLANG_WARN_NON_LITERAL_NULL_CONVERSION = YES;
				CLANG_WARN_OBJC_IMPLICIT_RETAIN_SELF = YES;
				CLANG_WARN_OBJC_LITERAL_CONVERSION = YES;
				CLANG_WARN_RANGE_LOOP_ANALYSIS = YES;
				CLANG_WARN_STRICT_PROTOTYPES = YES;
				CLANG_WARN_SUSPICIOUS_MOVE = YES;
				CLANG_WARN_UNREACHABLE_CODE = YES;
				CLANG_WARN__DUPLICATE_METHOD_MATCH = YES;
				"CODE_SIGN_IDENTITY[sdk=iphoneos*]" = "iPhone Developer";
				COPY_PHASE_STRIP = NO;
				ENABLE_STRICT_OBJC_MSGSEND = YES;
				ENABLE_TESTABILITY = YES;
				GCC_C_LANGUAGE_STANDARD = gnu99;
				GCC_DYNAMIC_NO_PIC = NO;
				GCC_NO_COMMON_BLOCKS = YES;
				GCC_OPTIMIZATION_LEVEL = 0;
				GCC_PREPROCESSOR_DEFINITIONS = (
					"DEBUG=1",
					"$(inherited)",
				);
				GCC_SYMBOLS_PRIVATE_EXTERN = NO;
				GCC_WARN_64_TO_32_BIT_CONVERSION = YES;
				GCC_WARN_ABOUT_RETURN_TYPE = YES;
				GCC_WARN_UNDECLARED_SELECTOR = YES;
				GCC_WARN_UNINITIALIZED_AUTOS = YES;
				GCC_WARN_UNUSED_FUNCTION = YES;
				GCC_WARN_UNUSED_VARIABLE = YES;
				IPHONEOS_DEPLOYMENT_TARGET = 11.0;
				ONLY_ACTIVE_ARCH = YES;
				SDKROOT = iphoneos;
			};
			name = Debug;
		};
		AAE9057916C619CE00CD025E /* Release */ = {
			isa = XCBuildConfiguration;
			buildSettings = {
				ALWAYS_SEARCH_USER_PATHS = NO;
				CLANG_CXX_LANGUAGE_STANDARD = "gnu++0x";
				CLANG_CXX_LIBRARY = "libc++";
				CLANG_ENABLE_OBJC_ARC = YES;
				CLANG_WARN_BLOCK_CAPTURE_AUTORELEASING = YES;
				CLANG_WARN_BOOL_CONVERSION = YES;
				CLANG_WARN_COMMA = YES;
				CLANG_WARN_CONSTANT_CONVERSION = YES;
				CLANG_WARN_DEPRECATED_OBJC_IMPLEMENTATIONS = YES;
				CLANG_WARN_EMPTY_BODY = YES;
				CLANG_WARN_ENUM_CONVERSION = YES;
				CLANG_WARN_INFINITE_RECURSION = YES;
				CLANG_WARN_INT_CONVERSION = YES;
				CLANG_WARN_NON_LITERAL_NULL_CONVERSION = YES;
				CLANG_WARN_OBJC_IMPLICIT_RETAIN_SELF = YES;
				CLANG_WARN_OBJC_LITERAL_CONVERSION = YES;
				CLANG_WARN_RANGE_LOOP_ANALYSIS = YES;
				CLANG_WARN_STRICT_PROTOTYPES = YES;
				CLANG_WARN_SUSPICIOUS_MOVE = YES;
				CLANG_WARN_UNREACHABLE_CODE = YES;
				CLANG_WARN__DUPLICATE_METHOD_MATCH = YES;
				"CODE_SIGN_IDENTITY[sdk=iphoneos*]" = "iPhone Developer";
				COPY_PHASE_STRIP = YES;
				ENABLE_STRICT_OBJC_MSGSEND = YES;
				GCC_C_LANGUAGE_STANDARD = gnu99;
				GCC_NO_COMMON_BLOCKS = YES;
				GCC_WARN_64_TO_32_BIT_CONVERSION = YES;
				GCC_WARN_ABOUT_RETURN_TYPE = YES;
				GCC_WARN_UNDECLARED_SELECTOR = YES;
				GCC_WARN_UNINITIALIZED_AUTOS = YES;
				GCC_WARN_UNUSED_FUNCTION = YES;
				GCC_WARN_UNUSED_VARIABLE = YES;
				IPHONEOS_DEPLOYMENT_TARGET = 11.0;
				OTHER_CFLAGS = "-DNS_BLOCK_ASSERTIONS=1";
				SDKROOT = iphoneos;
				VALIDATE_PRODUCT = YES;
			};
			name = Release;
		};
		AAE9057B16C619CE00CD025E /* Debug */ = {
			isa = XCBuildConfiguration;
			buildSettings = {
				CODE_SIGN_IDENTITY = "iPhone Developer";
				"CODE_SIGN_IDENTITY[sdk=iphoneos*]" = "iPhone Developer";
				DEVELOPMENT_TEAM = FYS52FL8VF;
				GCC_PRECOMPILE_PREFIX_HEADER = YES;
				GCC_PREFIX_HEADER = "ExposureCalculator/ExposureCalculator-Prefix.pch";
				GCC_TREAT_WARNINGS_AS_ERRORS = YES;
				INFOPLIST_FILE = "ExposureCalculator/ExposureCalculator-Info.plist";
				PRODUCT_BUNDLE_IDENTIFIER = "Steve-Gravrock.${PRODUCT_NAME:rfc1034identifier}";
				PRODUCT_NAME = "$(TARGET_NAME)";
				PROVISIONING_PROFILE = "";
				WRAPPER_EXTENSION = app;
			};
			name = Debug;
		};
		AAE9057C16C619CE00CD025E /* Release */ = {
			isa = XCBuildConfiguration;
			buildSettings = {
				CODE_SIGN_IDENTITY = "iPhone Developer";
				"CODE_SIGN_IDENTITY[sdk=iphoneos*]" = "iPhone Developer";
				DEVELOPMENT_TEAM = FYS52FL8VF;
				GCC_PRECOMPILE_PREFIX_HEADER = YES;
				GCC_PREFIX_HEADER = "ExposureCalculator/ExposureCalculator-Prefix.pch";
				GCC_TREAT_WARNINGS_AS_ERRORS = YES;
				INFOPLIST_FILE = "ExposureCalculator/ExposureCalculator-Info.plist";
				PRODUCT_BUNDLE_IDENTIFIER = "Steve-Gravrock.${PRODUCT_NAME:rfc1034identifier}";
				PRODUCT_NAME = "$(TARGET_NAME)";
				PROVISIONING_PROFILE = "";
				WRAPPER_EXTENSION = app;
			};
			name = Release;
		};
/* End XCBuildConfiguration section */

/* Begin XCConfigurationList section */
		AA3E232416D0109200297797 /* Build configuration list for PBXNativeTarget "Exposure Calculator Specs" */ = {
			isa = XCConfigurationList;
			buildConfigurations = (
				AA3E232216D0109200297797 /* Debug */,
				AA3E232316D0109200297797 /* Release */,
			);
			defaultConfigurationIsVisible = 0;
			defaultConfigurationName = Release;
		};
		AA66911416D0618D009A4E3B /* Build configuration list for PBXNativeTarget "exposure" */ = {
			isa = XCConfigurationList;
			buildConfigurations = (
				AA66911216D0618D009A4E3B /* Debug */,
				AA66911316D0618D009A4E3B /* Release */,
			);
			defaultConfigurationIsVisible = 0;
			defaultConfigurationName = Release;
		};
		AAE9053B16C619CE00CD025E /* Build configuration list for PBXProject "ExposureCalculator" */ = {
			isa = XCConfigurationList;
			buildConfigurations = (
				AAE9057816C619CE00CD025E /* Debug */,
				AAE9057916C619CE00CD025E /* Release */,
			);
			defaultConfigurationIsVisible = 0;
			defaultConfigurationName = Release;
		};
		AAE9057A16C619CE00CD025E /* Build configuration list for PBXNativeTarget "ExposureCalculator" */ = {
			isa = XCConfigurationList;
			buildConfigurations = (
				AAE9057B16C619CE00CD025E /* Debug */,
				AAE9057C16C619CE00CD025E /* Release */,
			);
			defaultConfigurationIsVisible = 0;
			defaultConfigurationName = Release;
		};
/* End XCConfigurationList section */
	};
	rootObject = AAE9053816C619CE00CD025E /* Project object */;
}
